#
# This file is autogenerated by pip-compile with Python 3.14
# by the following command:
#
#    pip-compile --extra=prod --output-file=requirements.lock pyproject.toml
#
bleach==6.4.0
    # via astranotes (pyproject.toml)
blinker==1.9.0
    # via flask
cffi==2.0.0
    # via cryptography
click==8.4.1
    # via flask
colorama==0.4.6
    # via click
cryptography==48.0.0
    # via astranotes (pyproject.toml)
flask==3.1.3
    # via astranotes (pyproject.toml)
itsdangerous==2.2.0
    # via flask
jinja2==3.1.6
    # via flask
markdown==3.10.2
    # via astranotes (pyproject.toml)
markupsafe==3.0.3
    # via
    #   flask
    #   jinja2
    #   werkzeug
pycparser==3.0
    # via cffi
waitress==3.0.2
    # via astranotes (pyproject.toml)
webencodings==0.5.1
    # via bleach
werkzeug==3.1.8
    # via flask
